// !$*UTF8*$!
{
	archiveVersion = 1;
	classes = {
	};
	objectVersion = 46;
	objects = {

/* Begin PBXBuildFile section */
		839FE0C5179B7D8C0029DC85 /* AppDelegate.m in Sources */ = {isa = PBXBuildFile; fileRef = 839FE0BB179B7D8C0029DC85 /* AppDelegate.m */; };
		839FE0C6179B7D8C0029DC85 /* ChildFourViewController.m in Sources */ = {isa = PBXBuildFile; fileRef = 839FE0BD179B7D8C0029DC85 /* ChildFourViewController.m */; };
		839FE0C7179B7D8C0029DC85 /* ChildThreeViewController.m in Sources */ = {isa = PBXBuildFile; fileRef = 839FE0BF179B7D8C0029DC85 /* ChildThreeViewController.m */; };
		839FE0C8179B7D8C0029DC85 /* ChildTwoViewController.m in Sources */ = {isa = PBXBuildFile; fileRef = 839FE0C1179B7D8C0029DC85 /* ChildTwoViewController.m */; };
		839FE0C9179B7D8C0029DC85 /* DemonstrationViewController.m in Sources */ = {isa = PBXBuildFile; fileRef = 839FE0C3179B7D8C0029DC85 /* DemonstrationViewController.m */; };
		839FE0CA179B7D8C0029DC85 /* MainStoryboard.storyboard in Resources */ = {isa = PBXBuildFile; fileRef = 839FE0C4179B7D8C0029DC85 /* MainStoryboard.storyboard */; };
		D8B32BBF16669A0A00E5DBFB /* UIKit.framework in Frameworks */ = {isa = PBXBuildFile; fileRef = D8B32BBE16669A0A00E5DBFB /* UIKit.framework */; };
		D8B32BC116669A0A00E5DBFB /* Foundation.framework in Frameworks */ = {isa = PBXBuildFile; fileRef = D8B32BC016669A0A00E5DBFB /* Foundation.framework */; };
		D8B32BC316669A0A00E5DBFB /* CoreGraphics.framework in Frameworks */ = {isa = PBXBuildFile; fileRef = D8B32BC216669A0A00E5DBFB /* CoreGraphics.framework */; };
		D8B32BC916669A0A00E5DBFB /* InfoPlist.strings in Resources */ = {isa = PBXBuildFile; fileRef = D8B32BC716669A0A00E5DBFB /* InfoPlist.strings */; };
		D8B32BCB16669A0A00E5DBFB /* main.m in Sources */ = {isa = PBXBuildFile; fileRef = D8B32BCA16669A0A00E5DBFB /* main.m */; };
		D8B32BD116669A0A00E5DBFB /* Default.png in Resources */ = {isa = PBXBuildFile; fileRef = D8B32BD016669A0A00E5DBFB /* Default.png */; };
		D8B32BD316669A0A00E5DBFB /* Default@2x.png in Resources */ = {isa = PBXBuildFile; fileRef = D8B32BD216669A0A00E5DBFB /* Default@2x.png */; };
		D8B32BD516669A0A00E5DBFB /* Default-568h@2x.png in Resources */ = {isa = PBXBuildFile; fileRef = D8B32BD416669A0A00E5DBFB /* Default-568h@2x.png */; };
		D8B32BD816669A0A00E5DBFB /* GKLCubeViewController.m in Sources */ = {isa = PBXBuildFile; fileRef = D8B32BD716669A0A00E5DBFB /* GKLCubeViewController.m */; };
		D8B32BE216669BC700E5DBFB /* QuartzCore.framework in Frameworks */ = {isa = PBXBuildFile; fileRef = D8B32BE116669BC700E5DBFB /* QuartzCore.framework */; };
/* End PBXBuildFile section */

/* Begin PBXFileReference section */
		839FE0BA179B7D8C0029DC85 /* AppDelegate.h */ = {isa = PBXFileReference; fileEncoding = 4; lastKnownFileType = sourcecode.c.h; path = AppDelegate.h; sourceTree = "<group>"; };
		839FE0BB179B7D8C0029DC85 /* AppDelegate.m */ = {isa = PBXFileReference; fileEncoding = 4; lastKnownFileType = sourcecode.c.objc; path = AppDelegate.m; sourceTree = "<group>"; };
		839FE0BC179B7D8C0029DC85 /* ChildFourViewController.h */ = {isa = PBXFileReference; fileEncoding = 4; lastKnownFileType = sourcecode.c.h; path = ChildFourViewController.h; sourceTree = "<group>"; };
		839FE0BD179B7D8C0029DC85 /* ChildFourViewController.m */ = {isa = PBXFileReference; fileEncoding = 4; lastKnownFileType = sourcecode.c.objc; path = ChildFourViewController.m; sourceTree = "<group>"; };
		839FE0BE179B7D8C0029DC85 /* ChildThreeViewController.h */ = {isa = PBXFileReference; fileEncoding = 4; lastKnownFileType = sourcecode.c.h; path = ChildThreeViewController.h; sourceTree = "<group>"; };
		839FE0BF179B7D8C0029DC85 /* ChildThreeViewController.m */ = {isa = PBXFileReference; fileEncoding = 4; lastKnownFileType = sourcecode.c.objc; path = ChildThreeViewController.m; sourceTree = "<group>"; };
		839FE0C0179B7D8C0029DC85 /* ChildTwoViewController.h */ = {isa = PBXFileReference; fileEncoding = 4; lastKnownFileType = sourcecode.c.h; path = ChildTwoViewController.h; sourceTree = "<group>"; };
		839FE0C1179B7D8C0029DC85 /* ChildTwoViewController.m */ = {isa = PBXFileReference; fileEncoding = 4; lastKnownFileType = sourcecode.c.objc; path = ChildTwoViewController.m; sourceTree = "<group>"; };
		839FE0C2179B7D8C0029DC85 /* DemonstrationViewController.h */ = {isa = PBXFileReference; fileEncoding = 4; lastKnownFileType = sourcecode.c.h; path = DemonstrationViewController.h; sourceTree = "<group>"; };
		839FE0C3179B7D8C0029DC85 /* DemonstrationViewController.m */ = {isa = PBXFileReference; fileEncoding = 4; lastKnownFileType = sourcecode.c.objc; path = DemonstrationViewController.m; sourceTree = "<group>"; };
		839FE0C4179B7D8C0029DC85 /* MainStoryboard.storyboard */ = {isa = PBXFileReference; fileEncoding = 4; lastKnownFileType = file.storyboard; path = MainStoryboard.storyboard; sourceTree = "<group>"; };
		839FE0CB179B7DBD0029DC85 /* README.md */ = {isa = PBXFileReference; lastKnownFileType = text; path = README.md; sourceTree = "<group>"; };
		D8B32BBA16669A0A00E5DBFB /* CubeViewController.app */ = {isa = PBXFileReference; explicitFileType = wrapper.application; includeInIndex = 0; path = CubeViewController.app; sourceTree = BUILT_PRODUCTS_DIR; };
		D8B32BBE16669A0A00E5DBFB /* UIKit.framework */ = {isa = PBXFileReference; lastKnownFileType = wrapper.framework; name = UIKit.framework; path = System/Library/Frameworks/UIKit.framework; sourceTree = SDKROOT; };
		D8B32BC016669A0A00E5DBFB /* Foundation.framework */ = {isa = PBXFileReference; lastKnownFileType = wrapper.framework; name = Foundation.framework; path = System/Library/Frameworks/Foundation.framework; sourceTree = SDKROOT; };
		D8B32BC216669A0A00E5DBFB /* CoreGraphics.framework */ = {isa = PBXFileReference; lastKnownFileType = wrapper.framework; name = CoreGraphics.framework; path = System/Library/Frameworks/CoreGraphics.framework; sourceTree = SDKROOT; };
		D8B32BC616669A0A00E5DBFB /* CubeViewController-Info.plist */ = {isa = PBXFileReference; lastKnownFileType = text.plist.xml; path = "CubeViewController-Info.plist"; sourceTree = "<group>"; };
		D8B32BC816669A0A00E5DBFB /* en */ = {isa = PBXFileReference; lastKnownFileType = text.plist.strings; name = en; path = en.lproj/InfoPlist.strings; sourceTree = "<group>"; };
		D8B32BCA16669A0A00E5DBFB /* main.m */ = {isa = PBXFileReference; lastKnownFileType = sourcecode.c.objc; path = main.m; sourceTree = "<group>"; };
		D8B32BCC16669A0A00E5DBFB /* CubeViewController-Prefix.pch */ = {isa = PBXFileReference; lastKnownFileType = sourcecode.c.h; path = "CubeViewController-Prefix.pch"; sourceTree = "<group>"; };
		D8B32BD016669A0A00E5DBFB /* Default.png */ = {isa = PBXFileReference; lastKnownFileType = image.png; path = Default.png; sourceTree = "<group>"; };
		D8B32BD216669A0A00E5DBFB /* Default@2x.png */ = {isa = PBXFileReference; lastKnownFileType = image.png; path = "Default@2x.png"; sourceTree = "<group>"; };
		D8B32BD416669A0A00E5DBFB /* Default-568h@2x.png */ = {isa = PBXFileReference; lastKnownFileType = image.png; path = "Default-568h@2x.png"; sourceTree = "<group>"; };
		D8B32BD616669A0A00E5DBFB /* GKLCubeViewController.h */ = {isa = PBXFileReference; lastKnownFileType = sourcecode.c.h; path = GKLCubeViewController.h; sourceTree = "<group>"; };
		D8B32BD716669A0A00E5DBFB /* GKLCubeViewController.m */ = {isa = PBXFileReference; lastKnownFileType = sourcecode.c.objc; path = GKLCubeViewController.m; sourceTree = "<group>"; };
		D8B32BE116669BC700E5DBFB /* QuartzCore.framework */ = {isa = PBXFileReference; lastKnownFileType = wrapper.framework; name = QuartzCore.framework; path = System/Library/Frameworks/QuartzCore.framework; sourceTree = SDKROOT; };
/* End PBXFileReference section */

/* Begin PBXFrameworksBuildPhase section */
		D8B32BB716669A0A00E5DBFB /* Frameworks */ = {
			isa = PBXFrameworksBuildPhase;
			buildActionMask = 2147483647;
			files = (
				D8B32BE216669BC700E5DBFB /* QuartzCore.framework in Frameworks */,
				D8B32BBF16669A0A00E5DBFB /* UIKit.framework in Frameworks */,
				D8B32BC116669A0A00E5DBFB /* Foundation.framework in Frameworks */,
				D8B32BC316669A0A00E5DBFB /* CoreGraphics.framework in Frameworks */,
			);
			runOnlyForDeploymentPostprocessing = 0;
		};
/* End PBXFrameworksBuildPhase section */

/* Begin PBXGroup section */
		839FE0B9179B7D8C0029DC85 /* Demonstration */ = {
			isa = PBXGroup;
			children = (
				839FE0BA179B7D8C0029DC85 /* AppDelegate.h */,
				839FE0BB179B7D8C0029DC85 /* AppDelegate.m */,
				839FE0C2179B7D8C0029DC85 /* DemonstrationViewController.h */,
				839FE0C3179B7D8C0029DC85 /* DemonstrationViewController.m */,
				839FE0C0179B7D8C0029DC85 /* ChildTwoViewController.h */,
				839FE0C1179B7D8C0029DC85 /* ChildTwoViewController.m */,
				839FE0BE179B7D8C0029DC85 /* ChildThreeViewController.h */,
				839FE0BF179B7D8C0029DC85 /* ChildThreeViewController.m */,
				839FE0BC179B7D8C0029DC85 /* ChildFourViewController.h */,
				839FE0BD179B7D8C0029DC85 /* ChildFourViewController.m */,
				839FE0C4179B7D8C0029DC85 /* MainStoryboard.storyboard */,
			);
			path = Demonstration;
			sourceTree = "<group>";
		};
		D8B32BAF16669A0A00E5DBFB = {
			isa = PBXGroup;
			children = (
				839FE0CB179B7DBD0029DC85 /* README.md */,
				D8B32BC416669A0A00E5DBFB /* CubeViewController */,
				D8B32BBD16669A0A00E5DBFB /* Frameworks */,
				D8B32BBB16669A0A00E5DBFB /* Products */,
			);
			sourceTree = "<group>";
		};
		D8B32BBB16669A0A00E5DBFB /* Products */ = {
			isa = PBXGroup;
			children = (
				D8B32BBA16669A0A00E5DBFB /* CubeViewController.app */,
			);
			name = Products;
			sourceTree = "<group>";
		};
		D8B32BBD16669A0A00E5DBFB /* Frameworks */ = {
			isa = PBXGroup;
			children = (
				D8B32BE116669BC700E5DBFB /* QuartzCore.framework */,
				D8B32BBE16669A0A00E5DBFB /* UIKit.framework */,
				D8B32BC016669A0A00E5DBFB /* Foundation.framework */,
				D8B32BC216669A0A00E5DBFB /* CoreGraphics.framework */,
			);
			name = Frameworks;
			sourceTree = "<group>";
		};
		D8B32BC416669A0A00E5DBFB /* CubeViewController */ = {
			isa = PBXGroup;
			children = (
				D8B32BD616669A0A00E5DBFB /* GKLCubeViewController.h */,
				D8B32BD716669A0A00E5DBFB /* GKLCubeViewController.m */,
				839FE0B9179B7D8C0029DC85 /* Demonstration */,
				D8B32BC516669A0A00E5DBFB /* Supporting Files */,
			);
			path = CubeViewController;
			sourceTree = "<group>";
		};
		D8B32BC516669A0A00E5DBFB /* Supporting Files */ = {
			isa = PBXGroup;
			children = (
				D8B32BC616669A0A00E5DBFB /* CubeViewController-Info.plist */,
				D8B32BC716669A0A00E5DBFB /* InfoPlist.strings */,
				D8B32BCA16669A0A00E5DBFB /* main.m */,
				D8B32BCC16669A0A00E5DBFB /* CubeViewController-Prefix.pch */,
				D8B32BD016669A0A00E5DBFB /* Default.png */,
				D8B32BD216669A0A00E5DBFB /* Default@2x.png */,
				D8B32BD416669A0A00E5DBFB /* Default-568h@2x.png */,
			);
			name = "Supporting Files";
			sourceTree = "<group>";
		};
/* End PBXGroup section */

/* Begin PBXNativeTarget section */
		D8B32BB916669A0A00E5DBFB /* CubeViewController */ = {
			isa = PBXNativeTarget;
			buildConfigurationList = D8B32BDE16669A0A00E5DBFB /* Build configuration list for PBXNativeTarget "CubeViewController" */;
			buildPhases = (
				D8B32BB616669A0A00E5DBFB /* Sources */,
				D8B32BB716669A0A00E5DBFB /* Frameworks */,
				D8B32BB816669A0A00E5DBFB /* Resources */,
			);
			buildRules = (
			);
			dependencies = (
			);
			name = CubeViewController;
			productName = CubeViewController;
			productReference = D8B32BBA16669A0A00E5DBFB /* CubeViewController.app */;
			productType = "com.apple.product-type.application";
		};
/* End PBXNativeTarget section */

/* Begin PBXProject section */
		D8B32BB116669A0A00E5DBFB /* Project object */ = {
			isa = PBXProject;
			attributes = {
				CLASSPREFIX = GKL;
				LastUpgradeCheck = 0450;
				ORGANIZATIONNAME = "GoKart Labs";
			};
			buildConfigurationList = D8B32BB416669A0A00E5DBFB /* Build configuration list for PBXProject "CubeViewController" */;
			compatibilityVersion = "Xcode 3.2";
			developmentRegion = English;
			hasScannedForEncodings = 0;
			knownRegions = (
				en,
			);
			mainGroup = D8B32BAF16669A0A00E5DBFB;
			productRefGroup = D8B32BBB16669A0A00E5DBFB /* Products */;
			projectDirPath = "";
			projectRoot = "";
			targets = (
				D8B32BB916669A0A00E5DBFB /* CubeViewController */,
			);
		};
/* End PBXProject section */

/* Begin PBXResourcesBuildPhase section */
		D8B32BB816669A0A00E5DBFB /* Resources */ = {
			isa = PBXResourcesBuildPhase;
			buildActionMask = 2147483647;
			files = (
				D8B32BC916669A0A00E5DBFB /* InfoPlist.strings in Resources */,
				D8B32BD116669A0A00E5DBFB /* Default.png in Resources */,
				D8B32BD316669A0A00E5DBFB /* Default@2x.png in Resources */,
				D8B32BD516669A0A00E5DBFB /* Default-568h@2x.png in Resources */,
				839FE0CA179B7D8C0029DC85 /* MainStoryboard.storyboard in Resources */,
			);
			runOnlyForDeploymentPostprocessing = 0;
		};
/* End PBXResourcesBuildPhase section */

/* Begin PBXSourcesBuildPhase section */
		D8B32BB616669A0A00E5DBFB /* Sources */ = {
			isa = PBXSourcesBuildPhase;
			buildActionMask = 2147483647;
			files = (
				D8B32BCB16669A0A00E5DBFB /* main.m in Sources */,
				D8B32BD816669A0A00E5DBFB /* GKLCubeViewController.m in Sources */,
				839FE0C5179B7D8C0029DC85 /* AppDelegate.m in Sources */,
				839FE0C6179B7D8C0029DC85 /* ChildFourViewController.m in Sources */,
				839FE0C7179B7D8C0029DC85 /* ChildThreeViewController.m in Sources */,
				839FE0C8179B7D8C0029DC85 /* ChildTwoViewController.m in Sources */,
				839FE0C9179B7D8C0029DC85 /* DemonstrationViewController.m in Sources */,
			);
			runOnlyForDeploymentPostprocessing = 0;
		};
/* End PBXSourcesBuildPhase section */

/* Begin PBXVariantGroup section */
		D8B32BC716669A0A00E5DBFB /* InfoPlist.strings */ = {
			isa = PBXVariantGroup;
			children = (
				D8B32BC816669A0A00E5DBFB /* en */,
			);
			name = InfoPlist.strings;
			sourceTree = "<group>";
		};
/* End PBXVariantGroup section */

/* Begin XCBuildConfiguration section */
		D8B32BDC16669A0A00E5DBFB /* Debug */ = {
			isa = XCBuildConfiguration;
			buildSettings = {
				ALWAYS_SEARCH_USER_PATHS = NO;
				CLANG_CXX_LANGUAGE_STANDARD = "gnu++0x";
				CLANG_CXX_LIBRARY = "libc++";
				CLANG_ENABLE_OBJC_ARC = YES;
				CLANG_WARN_EMPTY_BODY = YES;
				CLANG_WARN__DUPLICATE_METHOD_MATCH = YES;
				"CODE_SIGN_IDENTITY[sdk=iphoneos*]" = "iPhone Developer";
				COPY_PHASE_STRIP = NO;
				GCC_C_LANGUAGE_STANDARD = gnu99;
				GCC_DYNAMIC_NO_PIC = NO;
				GCC_OPTIMIZATION_LEVEL = 0;
				GCC_PREPROCESSOR_DEFINITIONS = (
					"DEBUG=1",
					"$(inherited)",
				);
				GCC_SYMBOLS_PRIVATE_EXTERN = NO;
				GCC_WARN_ABOUT_RETURN_TYPE = YES;
				GCC_WARN_UNINITIALIZED_AUTOS = YES;
				GCC_WARN_UNUSED_VARIABLE = YES;
				IPHONEOS_DEPLOYMENT_TARGET = 6.0;
				SDKROOT = iphoneos;
			};
			name = Debug;
		};
		D8B32BDD16669A0A00E5DBFB /* Release */ = {
			isa = XCBuildConfiguration;
			buildSettings = {
				ALWAYS_SEARCH_USER_PATHS = NO;
				CLANG_CXX_LANGUAGE_STANDARD = "gnu++0x";
				CLANG_CXX_LIBRARY = "libc++";
				CLANG_ENABLE_OBJC_ARC = YES;
				CLANG_WARN_EMPTY_BODY = YES;
				CLANG_WARN__DUPLICATE_METHOD_MATCH = YES;
				"CODE_SIGN_IDENTITY[sdk=iphoneos*]" = "iPhone Developer";
				COPY_PHASE_STRIP = YES;
				GCC_C_LANGUAGE_STANDARD = gnu99;
				GCC_WARN_ABOUT_RETURN_TYPE = YES;
				GCC_WARN_UNINITIALIZED_AUTOS = YES;
				GCC_WARN_UNUSED_VARIABLE = YES;
				IPHONEOS_DEPLOYMENT_TARGET = 6.0;
				OTHER_CFLAGS = "-DNS_BLOCK_ASSERTIONS=1";
				SDKROOT = iphoneos;
				VALIDATE_PRODUCT = YES;
			};
			name = Release;
		};
		D8B32BDF16669A0A00E5DBFB /* Debug */ = {
			isa = XCBuildConfiguration;
			buildSettings = {
				GCC_PRECOMPILE_PREFIX_HEADER = YES;
				GCC_PREFIX_HEADER = "CubeViewController/CubeViewController-Prefix.pch";
				INFOPLIST_FILE = "CubeViewController/CubeViewController-Info.plist";
				IPHONEOS_DEPLOYMENT_TARGET = 5.1;
				PRODUCT_NAME = "$(TARGET_NAME)";
				WRAPPER_EXTENSION = app;
			};
			name = Debug;
		};
		D8B32BE016669A0A00E5DBFB /* Release */ = {
			isa = XCBuildConfiguration;
			buildSettings = {
				GCC_PRECOMPILE_PREFIX_HEADER = YES;
				GCC_PREFIX_HEADER = "CubeViewController/CubeViewController-Prefix.pch";
				INFOPLIST_FILE = "CubeViewController/CubeViewController-Info.plist";
				IPHONEOS_DEPLOYMENT_TARGET = 5.1;
				PRODUCT_NAME = "$(TARGET_NAME)";
				WRAPPER_EXTENSION = app;
			};
			name = Release;
		};
/* End XCBuildConfiguration section */

/* Begin XCConfigurationList section */
		D8B32BB416669A0A00E5DBFB /* Build configuration list for PBXProject "CubeViewController" */ = {
			isa = XCConfigurationList;
			buildConfigurations = (
				D8B32BDC16669A0A00E5DBFB /* Debug */,
				D8B32BDD16669A0A00E5DBFB /* Release */,
			);
			defaultConfigurationIsVisible = 0;
			defaultConfigurationName = Release;
		};
		D8B32BDE16669A0A00E5DBFB /* Build configuration list for PBXNativeTarget "CubeViewController" */ = {
			isa = XCConfigurationList;
			buildConfigurations = (
				D8B32BDF16669A0A00E5DBFB /* Debug */,
				D8B32BE016669A0A00E5DBFB /* Release */,
			);
			defaultConfigurationIsVisible = 0;
			defaultConfigurationName = Release;
		};
/* End XCConfigurationList section */
	};
	rootObject = D8B32BB116669A0A00E5DBFB /* Project object */;
}
